Microsoft Visual Studio Solution File, Format Version 12.00
# Visual Studio Version 17
VisualStudioVersion = 17.5.2.0
MinimumVisualStudioVersion = 10.0.40219.1
Project("{FAE04EC0-301F-11D3-BF4B-00C04F79EFBC}") = "DSA-C#", "DSA-C#.csproj", "{1A50EAD0-2167-66CA-120C-E1A2970653ED}"
EndProject
Global
	GlobalSection(SolutionConfigurationPlatforms) = preSolution
		Debug|Any CPU = Debug|Any CPU
		Release|Any CPU = Release|Any CPU
	EndGlobalSection
	GlobalSection(ProjectConfigurationPlatforms) = postSolution
		{1A50EAD0-2167-66CA-120C-E1A2970653ED}.Debug|Any CPU.ActiveCfg = Debug|Any CPU
		{1A50EAD0-2167-66CA-120C-E1A2970653ED}.Debug|Any CPU.Build.0 = Debug|Any CPU
		{1A50EAD0-2167-66CA-120C-E1A2970653ED}.Release|Any CPU.ActiveCfg = Release|Any CPU
		{1A50EAD0-2167-66CA-120C-E1A2970653ED}.Release|Any CPU.Build.0 = Release|Any CPU
	EndGlobalSection
	GlobalSection(SolutionProperties) = preSolution
		HideSolutionNode = FALSE
	EndGlobalSection
	GlobalSection(ExtensibilityGlobals) = postSolution
		SolutionGuid = {C5887E2D-0FF2-46CB-86C0-0CFF6ED5E404}
	EndGlobalSection
EndGlobal
